<?xml version="1.0" encoding="utf-8"?>
<Project ToolsVersion="4.0" xmlns="http://schemas.microsoft.com/developer/msbuild/2003">
  <ItemGroup>
    <Filter Include="소스 파일">
      <UniqueIdentifier>{4FC737F1-C7A5-4376-A066-2A32D752A2FF}</UniqueIdentifier>
      <Extensions>cpp;c;cc;cxx;c++;cppm;ixx;def;odl;idl;hpj;bat;asm;asmx</Extensions>
    </Filter>
    <Filter Include="헤더 파일">
      <UniqueIdentifier>{93995380-89BD-4b04-88EB-625FBE52EBFB}</UniqueIdentifier>
      <Extensions>h;hh;hpp;hxx;h++;hm;inl;inc;ipp;xsd</Extensions>
    </Filter>
    <Filter Include="리소스 파일">
      <UniqueIdentifier>{67DA6AB6-F800-4c08-8B7A-83BB121AAD01}</UniqueIdentifier>
      <Extensions>rc;ico;cur;bmp;dlg;rc2;rct;bin;rgs;gif;jpg;jpeg;jpe;resx;tiff;tif;png;wav;mfcribbon-ms</Extensions>
    </Filter>
    <Filter Include="소스 파일\99. Headers">
      <UniqueIdentifier>{c6a698af-3b6a-46b5-bc4e-66fe9dfcd5dc}</UniqueIdentifier>
    </Filter>
    <Filter Include="소스 파일\01. main">
      <UniqueIdentifier>{3ef2cb26-cc47-4c1e-a033-caae4de45b1f}</UniqueIdentifier>
    </Filter>
    <Filter Include="소스 파일\99. Headers\Andromada">
      <UniqueIdentifier>{09e4b9f3-5462-420e-a411-e0bbf8933b00}</UniqueIdentifier>
    </Filter>
    <Filter Include="소스 파일\98. Shaders">
      <UniqueIdentifier>{ad69179b-a3bd-46af-b457-ed827ea9133c}</UniqueIdentifier>
    </Filter>
    <Filter Include="소스 파일\99. Headers\Utils">
      <UniqueIdentifier>{706c9ded-6978-42c9-9262-4e5bd8b313ae}</UniqueIdentifier>
    </Filter>
    <Filter Include="소스 파일\00.Engine">
      <UniqueIdentifier>{075f9943-f230-4f25-98a7-4bb5fe59aa97}</UniqueIdentifier>
    </Filter>
    <Filter Include="소스 파일\00.Engine\Pipeline">
      <UniqueIdentifier>{d2bd2fdc-c591-49b3-863d-2dc47ae273d6}</UniqueIdentifier>
    </Filter>
    <Filter Include="소스 파일\00.Engine\Pipeline\00.Geometry">
      <UniqueIdentifier>{84ecf4d2-285b-417a-b2bc-7d407bfc4bf9}</UniqueIdentifier>
    </Filter>
    <Filter Include="소스 파일\00.Engine\Pipeline\01.inputAssembler">
      <UniqueIdentifier>{59daf685-66e1-451f-b1fb-7021d1ff87c1}</UniqueIdentifier>
    </Filter>
    <Filter Include="소스 파일\00.Engine\Pipeline\02.VertexShader">
      <UniqueIdentifier>{8c16466e-06e0-4812-9209-3fd890265c95}</UniqueIdentifier>
    </Filter>
    <Filter Include="소스 파일\00.Engine\Pipeline\03.Rasterizer">
      <UniqueIdentifier>{115cfccc-a606-4372-b759-505b74bbed25}</UniqueIdentifier>
    </Filter>
    <Filter Include="소스 파일\00.Engine\Pipeline\04.PixelShader">
      <UniqueIdentifier>{b014c4dc-84d8-4542-b29d-467aa35bd3e6}</UniqueIdentifier>
    </Filter>
    <Filter Include="소스 파일\00.Engine\Pipeline\05.OutputMerger">
      <UniqueIdentifier>{69ce05c1-2851-4b6a-895b-60e676c50238}</UniqueIdentifier>
    </Filter>
    <Filter Include="소스 파일\00.Engine\GameObject">
      <UniqueIdentifier>{68b56315-4c98-4841-849f-4d9da3cca752}</UniqueIdentifier>
    </Filter>
    <Filter Include="소스 파일\00.Engine\Component">
      <UniqueIdentifier>{51b7586b-5190-4362-8484-de5ff7bf8cc3}</UniqueIdentifier>
    </Filter>
  </ItemGroup>
  <ItemGroup>
    <ClInclude Include="GameCoding.h">
      <Filter>소스 파일\01. main</Filter>
    </ClInclude>
    <ClInclude Include="pch.h">
      <Filter>소스 파일\99. Headers</Filter>
    </ClInclude>
    <ClInclude Include="Resource.h">
      <Filter>소스 파일\99. Headers\Andromada</Filter>
    </ClInclude>
    <ClInclude Include="targetver.h">
      <Filter>소스 파일\99. Headers\Andromada</Filter>
    </ClInclude>
    <ClInclude Include="framework.h">
      <Filter>소스 파일\99. Headers\Andromada</Filter>
    </ClInclude>
    <ClInclude Include="Struct.h">
      <Filter>소스 파일\99. Headers</Filter>
    </ClInclude>
    <ClInclude Include="Types.h">
      <Filter>소스 파일\99. Headers</Filter>
    </ClInclude>
    <ClInclude Include="Values.h">
      <Filter>소스 파일\99. Headers</Filter>
    </ClInclude>
    <ClInclude Include="Game.h">
      <Filter>소스 파일\01. main</Filter>
    </ClInclude>
    <ClInclude Include="SimpleMath.h">
      <Filter>소스 파일\99. Headers\Utils</Filter>
    </ClInclude>
    <ClInclude Include="Graphics.h">
      <Filter>소스 파일\00.Engine\Pipeline</Filter>
    </ClInclude>
    <ClInclude Include="VertexBuffer.h">
      <Filter>소스 파일\00.Engine\Pipeline\01.inputAssembler</Filter>
    </ClInclude>
    <ClInclude Include="IndexBuffer.h">
      <Filter>소스 파일\00.Engine\Pipeline\01.inputAssembler</Filter>
    </ClInclude>
    <ClInclude Include="InputLayout.h">
      <Filter>소스 파일\00.Engine\Pipeline\01.inputAssembler</Filter>
    </ClInclude>
    <ClInclude Include="Geometry.h">
      <Filter>소스 파일\00.Engine\Pipeline\00.Geometry</Filter>
    </ClInclude>
    <ClInclude Include="GeometryHelper.h">
      <Filter>소스 파일\00.Engine\Pipeline\00.Geometry</Filter>
    </ClInclude>
    <ClInclude Include="VertexData.h">
      <Filter>소스 파일\00.Engine\Pipeline\00.Geometry</Filter>
    </ClInclude>
    <ClInclude Include="Shader.h">
      <Filter>소스 파일\00.Engine\Pipeline\02.VertexShader</Filter>
    </ClInclude>
    <ClInclude Include="ConstantBuffer.h">
      <Filter>소스 파일\00.Engine\Pipeline\02.VertexShader</Filter>
    </ClInclude>
    <ClInclude Include="Texture.h">
      <Filter>소스 파일\00.Engine\Pipeline\04.PixelShader</Filter>
    </ClInclude>
    <ClInclude Include="RasterizerState.h">
      <Filter>소스 파일\00.Engine\Pipeline\03.Rasterizer</Filter>
    </ClInclude>
    <ClInclude Include="SamplerState.h">
      <Filter>소스 파일\00.Engine\Pipeline\04.PixelShader</Filter>
    </ClInclude>
    <ClInclude Include="BlendState.h">
      <Filter>소스 파일\00.Engine\Pipeline\05.OutputMerger</Filter>
    </ClInclude>
    <ClInclude Include="Pipeline.h">
      <Filter>소스 파일\00.Engine\Pipeline</Filter>
    </ClInclude>
    <ClInclude Include="GameObject.h">
      <Filter>소스 파일\00.Engine\GameObject</Filter>
    </ClInclude>
    <ClInclude Include="Component.h">
      <Filter>소스 파일\00.Engine\Component</Filter>
    </ClInclude>
    <ClInclude Include="Transform.h">
      <Filter>소스 파일\00.Engine\Component</Filter>
    </ClInclude>
  </ItemGroup>
  <ItemGroup>
    <ResourceCompile Include="GameCoding.rc">
      <Filter>리소스 파일</Filter>
    </ResourceCompile>
  </ItemGroup>
  <ItemGroup>
    <Image Include="small.ico">
      <Filter>리소스 파일</Filter>
    </Image>
    <Image Include="GameCoding.ico">
      <Filter>리소스 파일</Filter>
    </Image>
  </ItemGroup>
  <ItemGroup>
    <ClCompile Include="GameCoding.cpp">
      <Filter>소스 파일\01. main</Filter>
    </ClCompile>
    <ClCompile Include="pch.cpp">
      <Filter>소스 파일\99. Headers</Filter>
    </ClCompile>
    <ClCompile Include="SimpleMath.cpp">
      <Filter>소스 파일\99. Headers\Utils</Filter>
    </ClCompile>
    <ClCompile Include="Graphics.cpp">
      <Filter>소스 파일\00.Engine\Pipeline</Filter>
    </ClCompile>
    <ClCompile Include="VertexBuffer.cpp">
      <Filter>소스 파일\00.Engine\Pipeline\01.inputAssembler</Filter>
    </ClCompile>
    <ClCompile Include="Game.cpp">
      <Filter>소스 파일\01. main</Filter>
    </ClCompile>
    <ClCompile Include="IndexBuffer.cpp">
      <Filter>소스 파일\00.Engine\Pipeline\01.inputAssembler</Filter>
    </ClCompile>
    <ClCompile Include="InputLayout.cpp">
      <Filter>소스 파일\00.Engine\Pipeline\01.inputAssembler</Filter>
    </ClCompile>
    <ClCompile Include="Geometry.cpp">
      <Filter>소스 파일\00.Engine\Pipeline\00.Geometry</Filter>
    </ClCompile>
    <ClCompile Include="GeometryHelper.cpp">
      <Filter>소스 파일\00.Engine\Pipeline\00.Geometry</Filter>
    </ClCompile>
    <ClCompile Include="VertexData.cpp">
      <Filter>소스 파일\00.Engine\Pipeline\00.Geometry</Filter>
    </ClCompile>
    <ClCompile Include="Shader.cpp">
      <Filter>소스 파일\00.Engine\Pipeline\02.VertexShader</Filter>
    </ClCompile>
    <ClCompile Include="ConstantBuffer.cpp">
      <Filter>소스 파일\00.Engine\Pipeline\02.VertexShader</Filter>
    </ClCompile>
    <ClCompile Include="Texture.cpp">
      <Filter>소스 파일\00.Engine\Pipeline\04.PixelShader</Filter>
    </ClCompile>
    <ClCompile Include="RasterizerState.cpp">
      <Filter>소스 파일\00.Engine\Pipeline\03.Rasterizer</Filter>
    </ClCompile>
    <ClCompile Include="SamplerState.cpp">
      <Filter>소스 파일\00.Engine\Pipeline\04.PixelShader</Filter>
    </ClCompile>
    <ClCompile Include="BlendState.cpp">
      <Filter>소스 파일\00.Engine\Pipeline\05.OutputMerger</Filter>
    </ClCompile>
    <ClCompile Include="Pipeline.cpp">
      <Filter>소스 파일\00.Engine\Pipeline</Filter>
    </ClCompile>
    <ClCompile Include="GameObject.cpp">
      <Filter>소스 파일\00.Engine\GameObject</Filter>
    </ClCompile>
    <ClCompile Include="Component.cpp">
      <Filter>소스 파일\00.Engine\Component</Filter>
    </ClCompile>
    <ClCompile Include="Transform.cpp">
      <Filter>소스 파일\00.Engine\Component</Filter>
    </ClCompile>
  </ItemGroup>
  <ItemGroup>
    <FxCompile Include="Default.hlsl">
      <Filter>소스 파일\98. Shaders</Filter>
    </FxCompile>
  </ItemGroup>
  <ItemGroup>
    <None Include="SimpleMath.inl">
      <Filter>소스 파일\99. Headers\Utils</Filter>
    </None>
  </ItemGroup>
</Project>